
Microsoft Visual Studio Solution File, Format Version 12.00
# Visual Studio 2017
Project("{FAE04EC0-301F-11D3-BF4B-00C04F79EFBC}") = "I'm a Zombie", "I'm a Zombie.csproj", "{33EBD05F-8E69-DFA4-33BE-F11D5680DEA1}"
EndProject
Project("{FAE04EC0-301F-11D3-BF4B-00C04F79EFBC}") = "I'm a Zombie.Editor", "I'm a Zombie.Editor.csproj", "{A5AA03A7-F388-AD81-0DB7-1439AC344785}"
EndProject
Global
	GlobalSection(SolutionConfigurationPlatforms) = preSolution
		Debug|Any CPU = Debug|Any CPU
		Release|Any CPU = Release|Any CPU
	EndGlobalSection
	GlobalSection(ProjectConfigurationPlatforms) = postSolution
		{33EBD05F-8E69-DFA4-33BE-F11D5680DEA1}.Debug|Any CPU.ActiveCfg = Debug|Any CPU
		{33EBD05F-8E69-DFA4-33BE-F11D5680DEA1}.Debug|Any CPU.Build.0 = Debug|Any CPU
		{33EBD05F-8E69-DFA4-33BE-F11D5680DEA1}.Release|Any CPU.ActiveCfg = Release|Any CPU
		{33EBD05F-8E69-DFA4-33BE-F11D5680DEA1}.Release|Any CPU.Build.0 = Release|Any CPU
		{A5AA03A7-F388-AD81-0DB7-1439AC344785}.Debug|Any CPU.ActiveCfg = Debug|Any CPU
		{A5AA03A7-F388-AD81-0DB7-1439AC344785}.Debug|Any CPU.Build.0 = Debug|Any CPU
		{A5AA03A7-F388-AD81-0DB7-1439AC344785}.Release|Any CPU.ActiveCfg = Release|Any CPU
		{A5AA03A7-F388-AD81-0DB7-1439AC344785}.Release|Any CPU.Build.0 = Release|Any CPU
	EndGlobalSection
	GlobalSection(SolutionProperties) = preSolution
		HideSolutionNode = FALSE
	EndGlobalSection
EndGlobal
